
Microsoft Visual Studio Solution File, Format Version 12.00
# Visual Studio 2012
Project("{FAE04EC0-301F-11D3-BF4B-00C04F79EFBC}") = "BackEnd_Prueba", "BackEnd_Prueba\BackEnd_Prueba.csproj", "{12CC7172-DADB-4F40-BB17-C8F63F0CA11F}"
EndProject
Global
	GlobalSection(SolutionConfigurationPlatforms) = preSolution
		Debug|Any CPU = Debug|Any CPU
		Release|Any CPU = Release|Any CPU
	EndGlobalSection
	GlobalSection(ProjectConfigurationPlatforms) = postSolution
		{12CC7172-DADB-4F40-BB17-C8F63F0CA11F}.Debug|Any CPU.ActiveCfg = Debug|Any CPU
		{12CC7172-DADB-4F40-BB17-C8F63F0CA11F}.Debug|Any CPU.Build.0 = Debug|Any CPU
		{12CC7172-DADB-4F40-BB17-C8F63F0CA11F}.Release|Any CPU.ActiveCfg = Release|Any CPU
		{12CC7172-DADB-4F40-BB17-C8F63F0CA11F}.Release|Any CPU.Build.0 = Release|Any CPU
	EndGlobalSection
	GlobalSection(SolutionProperties) = preSolution
		HideSolutionNode = FALSE
	EndGlobalSection
EndGlobal
